
Microsoft Visual Studio Solution File, Format Version 12.00
# Visual Studio 15
VisualStudioVersion = 15.0.28307.136
MinimumVisualStudioVersion = 10.0.40219.1
Project("{FAE04EC0-301F-11D3-BF4B-00C04F79EFBC}") = "BachelorPad", "BachelorPad\BachelorPad.csproj", "{59787E3A-4B5E-4D27-8D1B-B2156E22B2A2}"
EndProject
Global
	GlobalSection(SolutionConfigurationPlatforms) = preSolution
		Debug|Any CPU = Debug|Any CPU
		Release|Any CPU = Release|Any CPU
	EndGlobalSection
	GlobalSection(ProjectConfigurationPlatforms) = postSolution
		{59787E3A-4B5E-4D27-8D1B-B2156E22B2A2}.Debug|Any CPU.ActiveCfg = Debug|Any CPU
		{59787E3A-4B5E-4D27-8D1B-B2156E22B2A2}.Debug|Any CPU.Build.0 = Debug|Any CPU
		{59787E3A-4B5E-4D27-8D1B-B2156E22B2A2}.Release|Any CPU.ActiveCfg = Release|Any CPU
		{59787E3A-4B5E-4D27-8D1B-B2156E22B2A2}.Release|Any CPU.Build.0 = Release|Any CPU
	EndGlobalSection
	GlobalSection(SolutionProperties) = preSolution
		HideSolutionNode = FALSE
	EndGlobalSection
	GlobalSection(ExtensibilityGlobals) = postSolution
		SolutionGuid = {E08CE055-4187-4F66-A839-CDD222EB0684}
	EndGlobalSection
EndGlobal
